
Microsoft Visual Studio Solution File, Format Version 12.00
# Visual Studio Version 16
VisualStudioVersion = 16.0.28803.156
MinimumVisualStudioVersion = 15.0.26124.0
Project("{FAE04EC0-301F-11D3-BF4B-00C04F79EFBC}") = "Symmetric", "Symmetric\Symmetric.csproj", "{C30F8594-617B-41B6-AED3-A1DA17D1B8EF}"
EndProject
Project("{FAE04EC0-301F-11D3-BF4B-00C04F79EFBC}") = "Asymmetric", "Asymmetric\Asymmetric.csproj", "{D83E438B-7499-44DD-960D-6C4D8047D6E7}"
EndProject
Project("{FAE04EC0-301F-11D3-BF4B-00C04F79EFBC}") = "Utils", "Utils\Utils.csproj", "{F298238D-38F5-48E7-BDB0-64DE25146A2E}"
EndProject
Global
	GlobalSection(SolutionConfigurationPlatforms) = preSolution
		Debug|Any CPU = Debug|Any CPU
		Release|Any CPU = Release|Any CPU
	EndGlobalSection
	GlobalSection(ProjectConfigurationPlatforms) = postSolution
		{C30F8594-617B-41B6-AED3-A1DA17D1B8EF}.Debug|Any CPU.ActiveCfg = Debug|Any CPU
		{C30F8594-617B-41B6-AED3-A1DA17D1B8EF}.Debug|Any CPU.Build.0 = Debug|Any CPU
		{C30F8594-617B-41B6-AED3-A1DA17D1B8EF}.Release|Any CPU.ActiveCfg = Release|Any CPU
		{C30F8594-617B-41B6-AED3-A1DA17D1B8EF}.Release|Any CPU.Build.0 = Release|Any CPU
		{D83E438B-7499-44DD-960D-6C4D8047D6E7}.Debug|Any CPU.ActiveCfg = Debug|Any CPU
		{D83E438B-7499-44DD-960D-6C4D8047D6E7}.Debug|Any CPU.Build.0 = Debug|Any CPU
		{D83E438B-7499-44DD-960D-6C4D8047D6E7}.Release|Any CPU.ActiveCfg = Release|Any CPU
		{D83E438B-7499-44DD-960D-6C4D8047D6E7}.Release|Any CPU.Build.0 = Release|Any CPU
		{F298238D-38F5-48E7-BDB0-64DE25146A2E}.Debug|Any CPU.ActiveCfg = Debug|Any CPU
		{F298238D-38F5-48E7-BDB0-64DE25146A2E}.Debug|Any CPU.Build.0 = Debug|Any CPU
		{F298238D-38F5-48E7-BDB0-64DE25146A2E}.Release|Any CPU.ActiveCfg = Release|Any CPU
		{F298238D-38F5-48E7-BDB0-64DE25146A2E}.Release|Any CPU.Build.0 = Release|Any CPU
	EndGlobalSection
	GlobalSection(SolutionProperties) = preSolution
		HideSolutionNode = FALSE
	EndGlobalSection
	GlobalSection(ExtensibilityGlobals) = postSolution
		SolutionGuid = {8489A875-3BD6-4641-B963-627CAE593E37}
	EndGlobalSection
EndGlobal
