
Microsoft Visual Studio Solution File, Format Version 12.00
# Visual Studio Version 16
VisualStudioVersion = 16.0.28803.156
MinimumVisualStudioVersion = 15.0.26124.0
Project("{FAE04EC0-301F-11D3-BF4B-00C04F79EFBC}") = "_ConsoleTests", "_ConsoleTests\_ConsoleTests.csproj", "{8871B925-296D-48A6-99AD-98B4FD873C17}"
EndProject
Project("{FAE04EC0-301F-11D3-BF4B-00C04F79EFBC}") = "MicrosoftDocumentation", "MicrosoftDocumentation\MicrosoftDocumentation.csproj", "{2F07D9AB-3D9C-4E16-9797-17F5A4E82F05}"
EndProject
Project("{FAE04EC0-301F-11D3-BF4B-00C04F79EFBC}") = "RsaLibrary", "RsaLibrary\RsaLibrary.csproj", "{3263E7E5-B149-4D76-889D-BDE0E67015A2}"
EndProject
Global
	GlobalSection(SolutionConfigurationPlatforms) = preSolution
		Debug|Any CPU = Debug|Any CPU
		Release|Any CPU = Release|Any CPU
	EndGlobalSection
	GlobalSection(ProjectConfigurationPlatforms) = postSolution
		{8871B925-296D-48A6-99AD-98B4FD873C17}.Debug|Any CPU.ActiveCfg = Debug|Any CPU
		{8871B925-296D-48A6-99AD-98B4FD873C17}.Debug|Any CPU.Build.0 = Debug|Any CPU
		{8871B925-296D-48A6-99AD-98B4FD873C17}.Release|Any CPU.ActiveCfg = Release|Any CPU
		{8871B925-296D-48A6-99AD-98B4FD873C17}.Release|Any CPU.Build.0 = Release|Any CPU
		{2F07D9AB-3D9C-4E16-9797-17F5A4E82F05}.Debug|Any CPU.ActiveCfg = Debug|Any CPU
		{2F07D9AB-3D9C-4E16-9797-17F5A4E82F05}.Debug|Any CPU.Build.0 = Debug|Any CPU
		{2F07D9AB-3D9C-4E16-9797-17F5A4E82F05}.Release|Any CPU.ActiveCfg = Release|Any CPU
		{2F07D9AB-3D9C-4E16-9797-17F5A4E82F05}.Release|Any CPU.Build.0 = Release|Any CPU
		{3263E7E5-B149-4D76-889D-BDE0E67015A2}.Debug|Any CPU.ActiveCfg = Debug|Any CPU
		{3263E7E5-B149-4D76-889D-BDE0E67015A2}.Debug|Any CPU.Build.0 = Debug|Any CPU
		{3263E7E5-B149-4D76-889D-BDE0E67015A2}.Release|Any CPU.ActiveCfg = Release|Any CPU
		{3263E7E5-B149-4D76-889D-BDE0E67015A2}.Release|Any CPU.Build.0 = Release|Any CPU
	EndGlobalSection
	GlobalSection(SolutionProperties) = preSolution
		HideSolutionNode = FALSE
	EndGlobalSection
	GlobalSection(ExtensibilityGlobals) = postSolution
		SolutionGuid = {8489A875-3BD6-4641-B963-627CAE593E37}
	EndGlobalSection
EndGlobal
